
Microsoft Visual Studio Solution File, Format Version 12.00
# Visual Studio Version 17
VisualStudioVersion = 17.10.35027.167
MinimumVisualStudioVersion = 10.0.40219.1
Project("{9A19103F-16F7-4668-BE54-9A1E7A4F7556}") = "ToDoSystem", "ToDoSystem\ToDoSystem.csproj", "{AB3EA0A5-957C-4E4C-B250-BB5A545524B4}"
EndProject
Project("{FAE04EC0-301F-11D3-BF4B-00C04F79EFBC}") = "ToDoSystem.Web", "ToDoSystem.Web\ToDoSystem.Web.csproj", "{1BA32100-260B-4171-A08D-3E8BE70896CF}"
EndProject
Global
	GlobalSection(SolutionConfigurationPlatforms) = preSolution
		Debug|Any CPU = Debug|Any CPU
		Release|Any CPU = Release|Any CPU
	EndGlobalSection
	GlobalSection(ProjectConfigurationPlatforms) = postSolution
		{AB3EA0A5-957C-4E4C-B250-BB5A545524B4}.Debug|Any CPU.ActiveCfg = Debug|Any CPU
		{AB3EA0A5-957C-4E4C-B250-BB5A545524B4}.Debug|Any CPU.Build.0 = Debug|Any CPU
		{AB3EA0A5-957C-4E4C-B250-BB5A545524B4}.Release|Any CPU.ActiveCfg = Release|Any CPU
		{AB3EA0A5-957C-4E4C-B250-BB5A545524B4}.Release|Any CPU.Build.0 = Release|Any CPU
		{1BA32100-260B-4171-A08D-3E8BE70896CF}.Debug|Any CPU.ActiveCfg = Debug|Any CPU
		{1BA32100-260B-4171-A08D-3E8BE70896CF}.Debug|Any CPU.Build.0 = Debug|Any CPU
		{1BA32100-260B-4171-A08D-3E8BE70896CF}.Release|Any CPU.ActiveCfg = Release|Any CPU
		{1BA32100-260B-4171-A08D-3E8BE70896CF}.Release|Any CPU.Build.0 = Release|Any CPU
	EndGlobalSection
	GlobalSection(SolutionProperties) = preSolution
		HideSolutionNode = FALSE
	EndGlobalSection
	GlobalSection(ExtensibilityGlobals) = postSolution
		SolutionGuid = {CC8B00DE-7CEE-4718-A39F-55DE0142E4A2}
	EndGlobalSection
EndGlobal
